# Kogen Bench Ubuntu 24.04 x86_64 host pins. KEY=VALUE; sourced by bash.
# Artifact digests are SHA-256 of the exact compressed download, not installed trees.
UBUNTU_VERSION=24.04
ARCH=x86_64
DISK_FLOOR_GIB=10
BWRAP_VERSION=0.9.0
BWRAP_APT_VERSION=0.9.0-1ubuntu0.3
USER_MAX_USER_NAMESPACES=30500
MISE_VERSION=2026.9.17
MISE_URL=https://github.com/jdx/mise/releases/download/v2026.9.17/mise-v2026.9.17-linux-x64
MISE_SHA256=63049bc35fb9065e8dc35ac8b25fdae53e9bd6f1885a843aedeba398e046a1ee
ERLANG_VERSION=29.0.3
ERLANG_URL=https://github.com/erlang/otp/releases/download/OTP-29.0.3/otp_src_29.0.3.tar.gz
ERLANG_SHA256=f920c660b16794bcb7270d1cbf680f7747c719650bcd6ac449508a32c2a8972a
ELIXIR_VERSION=1.20.2-otp-29
ELIXIR_URL=https://github.com/elixir-lang/elixir/releases/download/v1.20.2/elixir-otp-29.zip
ELIXIR_SHA256=a9e88cd41fbbba7da6f6dc237a49dd2ed4e70457121035cc7fc56ad05582f394
RUST_VERSION=1.97.1
RUST_URL=https://static.rust-lang.org/dist/rust-1.97.1-x86_64-unknown-linux-gnu.tar.xz
RUST_SHA256=88f28fa9af20594179f85d6df67078dfd6fa93e2f6da5e1e9b0ac4997988ca4f
GO_VERSION=1.27.1
GO_URL=https://go.dev/dl/go1.27.1.linux-amd64.tar.gz
GO_SHA256=63d339f0da5ab53635a56f2490a7984dfe12dfcff22ad749f63edaf590168445
GOLANGCI_LINT_VERSION=2.14.0
GOLANGCI_LINT_URL=https://github.com/golangci/golangci-lint/releases/download/v2.14.0/golangci-lint-2.14.0-linux-amd64.tar.gz
GOLANGCI_LINT_SHA256=ab90aeb7b066f92a33415b638a50fe5344bbb75a0d32ad30cc248d88f81032ab
GOLANGCI_LINT_BINARY_SHA256=9f44104281628a17a0dc5aea2429ef51e256d405fd1af38342939578b2e2c83d
HEX_VERSION=2.5.1
HEX_SRC_URL=https://github.com/hexpm/hex/archive/refs/tags/v2.5.1.tar.gz
HEX_SRC_SHA256=bdd6ef2015aa6e50a1c21212e098e8cbe7317da65f067955d154d890532742ae
NODE_VERSION=24.20.0
NODE_URL=https://nodejs.org/dist/v24.20.0/node-v24.20.0-linux-x64.tar.xz
NODE_SHA256=2f2c0da162318f0de47665410c7c8c2ed3d36c8f3105de4bbc61176c70a7cbf2
BUN_VERSION=1.4.2
BUN_URL=https://github.com/oven-sh/bun/releases/download/bun-v1.4.2/bun-linux-x64.zip
BUN_SHA256=36368faef7527875d5ffa52e53cd48021741f2a83eb6208a8dd64068d422a913
ZIG_VERSION=0.17.0
ZIG_URL=https://ziglang.org/download/0.17.0/zig-x86_64-linux-0.17.0.tar.xz
ZIG_SHA256=1cbe9df9f27e6b78d14ccbca43b6703a404ef79ef1c463de901d7f088d4e2026
GLEAM_VERSION=1.18.1
GLEAM_URL=https://github.com/gleam-lang/gleam/releases/download/v1.18.1/gleam-v1.18.1-x86_64-unknown-linux-musl.tar.gz
GLEAM_SHA256=4955a38c2e8c99457458e2471472ccd5ee3c45bd7637a315ce33bccf0dd75d9e
PYTHON_VERSION=3.14.7
PYTHON_URL=https://www.python.org/ftp/python/3.14.7/Python-3.14.7.tar.xz
PYTHON_SHA256=3b48dac8fb59f62eaa67ac83c1eb12bda1b7a08406dd286e252c11a66be27f81
PYTEST_VERSION=9.0.2
PYTEST_URL=https://files.pythonhosted.org/packages/3b/ab/b3226f0bd7cdcf710fbede2b3548584366da3b19b5021e74f5bde2a8fa3f/pytest-9.0.2-py3-none-any.whl
PYTEST_SHA256=711ffd45bf766d5264d487b917733b453d917afd2b0ad65223959f59089f875b
PLUGGY_VERSION=1.6.0
PLUGGY_URL=https://files.pythonhosted.org/packages/54/20/4d324d65cc6d9205fabedc306948156824eb9f0ee1633355a8f7ec5c66bf/pluggy-1.6.0-py3-none-any.whl
PLUGGY_SHA256=e920276dd6813095e9377c0bc5566d94c932c33b27a3e3945d8389c374dd4746
PYGMENTS_VERSION=2.21.0
PYGMENTS_URL=https://files.pythonhosted.org/packages/71/46/17f022dd3e953bf20a04a028a21ec746d942f8d2af30fa0f124fa0e6a684/pygments-2.21.0-py3-none-any.whl
PYGMENTS_SHA256=2363c69b61c4a97c838da3b130dcd6468f4848992b21a82f2a63ec34377137d9
PACKAGING_VERSION=26.3
PACKAGING_URL=https://files.pythonhosted.org/packages/63/34/ba1c580383c9eada3711951fef0795c80b829a078d72188184bcab9dd527/packaging-26.3-py3-none-any.whl
PACKAGING_SHA256=d7193f7c8e4e93f444fde0262bf90af30e16fa0ad0ad44cb553c87339b23cd1c
INICONFIG_VERSION=2.3.0
INICONFIG_URL=https://files.pythonhosted.org/packages/cb/b1/3846dd7f199d53cb17f49cba7e651e9ce294d8497c8c150530ed11865bb8/iniconfig-2.3.0-py3-none-any.whl
INICONFIG_SHA256=f631c04d2c48c52b84d0d0549c99ff3859c98df65b3101406327ecc7d53fbf12
RUBY_VERSION=3.4.8
RUBY_URL=https://cache.ruby-lang.org/pub/ruby/3.4/ruby-3.4.8.tar.gz
RUBY_SHA256=53c4ddad41fbb6189f1f5ee0db57a51d54bd1f87f8755b3d68604156a35b045b
BUNDLER_WRITEBOOK_VERSION=2.5.18
BUNDLER_WRITEBOOK_URL=https://rubygems.org/gems/bundler-2.5.18.gem
BUNDLER_WRITEBOOK_SHA256=042439fa8a5a2a64c37df8e4f6be5cd98d3f8fd5bcf511a1858b4878ef408a31
BUNDLER_OTHER_VERSION=2.7.2
BUNDLER_OTHER_URL=https://rubygems.org/gems/bundler-2.7.2.gem
BUNDLER_OTHER_SHA256=1decaf9e2e1acb91b6586a2925c8f3f6da2334a82731a62ff2ded1b83c283871
CODEX_VERSION=0.161.0
CODEX_TARGET=x86_64-unknown-linux-musl
CODEX_URL=https://registry.npmjs.org/@openai/codex/-/codex-0.161.0-linux-x64.tgz
CODEX_NPM_INTEGRITY=sha512-AVkNzeJWyCHHPyg5vxD8UE6aFsYaOwq0/x6mtmkOKy6LdjvsyxLr7Q7UULlk+Ma3+PnrN8uIxG2/XGPQ936hgA==
CODEX_SHA256=d50e02c2755be551b576527b2b13c6b6a4af3340149afdf792d5491e5d899978
CODEX_BINARY_SHA256=9a820c17865fa825d04db416818679a9d63bd72e50835c396f496e5684626c9c
